
Microsoft Visual Studio Solution File, Format Version 10.00
# Visual Studio 2008
Project("{FAE04EC0-301F-11D3-BF4B-00C04F79EFBC}") = "Mod Importer", "Mod Importer\Mod Importer.csproj", "{B5F4B784-B70F-4B6D-A0F7-6C61166BF407}"
EndProject
Global
	GlobalSection(SolutionConfigurationPlatforms) = preSolution
		Debug|Any CPU = Debug|Any CPU
		Release|Any CPU = Release|Any CPU
	EndGlobalSection
	GlobalSection(ProjectConfigurationPlatforms) = postSolution
		{B5F4B784-B70F-4B6D-A0F7-6C61166BF407}.Debug|Any CPU.ActiveCfg = Debug|Any CPU
		{B5F4B784-B70F-4B6D-A0F7-6C61166BF407}.Debug|Any CPU.Build.0 = Debug|Any CPU
		{B5F4B784-B70F-4B6D-A0F7-6C61166BF407}.Release|Any CPU.ActiveCfg = Release|Any CPU
		{B5F4B784-B70F-4B6D-A0F7-6C61166BF407}.Release|Any CPU.Build.0 = Release|Any CPU
	EndGlobalSection
	GlobalSection(SolutionProperties) = preSolution
		HideSolutionNode = FALSE
	EndGlobalSection
EndGlobal
