
Microsoft Visual Studio Solution File, Format Version 10.00
# Visual Studio 2008
Project("{FAE04EC0-301F-11D3-BF4B-00C04F79EFBC}") = "runner", "runner\runner.csproj", "{123A3E8A-B070-4EC4-9FA5-9C3AE04CC1FF}"
EndProject
Global
	GlobalSection(SolutionConfigurationPlatforms) = preSolution
		Debug|Any CPU = Debug|Any CPU
		Release|Any CPU = Release|Any CPU
	EndGlobalSection
	GlobalSection(ProjectConfigurationPlatforms) = postSolution
		{123A3E8A-B070-4EC4-9FA5-9C3AE04CC1FF}.Debug|Any CPU.ActiveCfg = Debug|Any CPU
		{123A3E8A-B070-4EC4-9FA5-9C3AE04CC1FF}.Debug|Any CPU.Build.0 = Debug|Any CPU
		{123A3E8A-B070-4EC4-9FA5-9C3AE04CC1FF}.Release|Any CPU.ActiveCfg = Release|Any CPU
		{123A3E8A-B070-4EC4-9FA5-9C3AE04CC1FF}.Release|Any CPU.Build.0 = Release|Any CPU
	EndGlobalSection
	GlobalSection(SolutionProperties) = preSolution
		HideSolutionNode = FALSE
	EndGlobalSection
EndGlobal
